
Microsoft Visual Studio Solution File, Format Version 12.00
# Visual Studio Version 16
VisualStudioVersion = 16.0.30804.86
MinimumVisualStudioVersion = 10.0.40219.1
Project("{C7167F0D-BC9F-4E6E-AFE1-012C56B48DB5}") = "EU4-PCP.Packaging", "EU4-PCP.Packaging\EU4-PCP.Packaging.wapproj", "{A4573F5F-C7C8-4B1B-B9B4-A8C9990AF90A}"
EndProject
Project("{9A19103F-16F7-4668-BE54-9A1E7A4F7556}") = "EU4-PCP", "EU4-PCP\EU4-PCP.csproj", "{8B7609B9-8794-4629-A77D-0436789BF852}"
EndProject
Project("{9A19103F-16F7-4668-BE54-9A1E7A4F7556}") = "EU4-PCP.Core", "EU4-PCP.Core\EU4-PCP.Core.csproj", "{1136A2CE-5313-4176-B42D-B41091F0D52E}"
EndProject
Project("{FAE04EC0-301F-11D3-BF4B-00C04F79EFBC}") = "EU4-PCP_Test", "EU4-PCP_Test\EU4-PCP_Test.csproj", "{43EF2116-0EB3-4084-ACF7-F2610F37F706}"
EndProject
Global
	GlobalSection(SolutionConfigurationPlatforms) = preSolution
		Debug|Any CPU = Debug|Any CPU
		Debug|ARM = Debug|ARM
		Debug|ARM64 = Debug|ARM64
		Debug|x64 = Debug|x64
		Debug|x86 = Debug|x86
		Release|Any CPU = Release|Any CPU
		Release|ARM = Release|ARM
		Release|ARM64 = Release|ARM64
		Release|x64 = Release|x64
		Release|x86 = Release|x86
	EndGlobalSection
	GlobalSection(ProjectConfigurationPlatforms) = postSolution
		{A4573F5F-C7C8-4B1B-B9B4-A8C9990AF90A}.Debug|Any CPU.ActiveCfg = Debug|x86
		{A4573F5F-C7C8-4B1B-B9B4-A8C9990AF90A}.Debug|ARM.ActiveCfg = Debug|ARM
		{A4573F5F-C7C8-4B1B-B9B4-A8C9990AF90A}.Debug|ARM.Build.0 = Debug|ARM
		{A4573F5F-C7C8-4B1B-B9B4-A8C9990AF90A}.Debug|ARM.Deploy.0 = Debug|ARM
		{A4573F5F-C7C8-4B1B-B9B4-A8C9990AF90A}.Debug|ARM64.ActiveCfg = Debug|ARM64
		{A4573F5F-C7C8-4B1B-B9B4-A8C9990AF90A}.Debug|ARM64.Build.0 = Debug|ARM64
		{A4573F5F-C7C8-4B1B-B9B4-A8C9990AF90A}.Debug|ARM64.Deploy.0 = Debug|ARM64
		{A4573F5F-C7C8-4B1B-B9B4-A8C9990AF90A}.Debug|x64.ActiveCfg = Debug|x64
		{A4573F5F-C7C8-4B1B-B9B4-A8C9990AF90A}.Debug|x64.Build.0 = Debug|x64
		{A4573F5F-C7C8-4B1B-B9B4-A8C9990AF90A}.Debug|x64.Deploy.0 = Debug|x64
		{A4573F5F-C7C8-4B1B-B9B4-A8C9990AF90A}.Debug|x86.ActiveCfg = Debug|x86
		{A4573F5F-C7C8-4B1B-B9B4-A8C9990AF90A}.Debug|x86.Build.0 = Debug|x86
		{A4573F5F-C7C8-4B1B-B9B4-A8C9990AF90A}.Debug|x86.Deploy.0 = Debug|x86
		{A4573F5F-C7C8-4B1B-B9B4-A8C9990AF90A}.Release|Any CPU.ActiveCfg = Release|x86
		{A4573F5F-C7C8-4B1B-B9B4-A8C9990AF90A}.Release|ARM.ActiveCfg = Release|ARM
		{A4573F5F-C7C8-4B1B-B9B4-A8C9990AF90A}.Release|ARM.Build.0 = Release|ARM
		{A4573F5F-C7C8-4B1B-B9B4-A8C9990AF90A}.Release|ARM.Deploy.0 = Release|ARM
		{A4573F5F-C7C8-4B1B-B9B4-A8C9990AF90A}.Release|ARM64.ActiveCfg = Release|ARM64
		{A4573F5F-C7C8-4B1B-B9B4-A8C9990AF90A}.Release|ARM64.Build.0 = Release|ARM64
		{A4573F5F-C7C8-4B1B-B9B4-A8C9990AF90A}.Release|ARM64.Deploy.0 = Release|ARM64
		{A4573F5F-C7C8-4B1B-B9B4-A8C9990AF90A}.Release|x64.ActiveCfg = Release|x64
		{A4573F5F-C7C8-4B1B-B9B4-A8C9990AF90A}.Release|x64.Build.0 = Release|x64
		{A4573F5F-C7C8-4B1B-B9B4-A8C9990AF90A}.Release|x64.Deploy.0 = Release|x64
		{A4573F5F-C7C8-4B1B-B9B4-A8C9990AF90A}.Release|x86.ActiveCfg = Release|x86
		{A4573F5F-C7C8-4B1B-B9B4-A8C9990AF90A}.Release|x86.Build.0 = Release|x86
		{A4573F5F-C7C8-4B1B-B9B4-A8C9990AF90A}.Release|x86.Deploy.0 = Release|x86
		{8B7609B9-8794-4629-A77D-0436789BF852}.Debug|Any CPU.ActiveCfg = Debug|x86
		{8B7609B9-8794-4629-A77D-0436789BF852}.Debug|ARM.ActiveCfg = Debug|x86
		{8B7609B9-8794-4629-A77D-0436789BF852}.Debug|ARM64.ActiveCfg = Debug|x86
		{8B7609B9-8794-4629-A77D-0436789BF852}.Debug|x64.ActiveCfg = Debug|x64
		{8B7609B9-8794-4629-A77D-0436789BF852}.Debug|x64.Build.0 = Debug|x64
		{8B7609B9-8794-4629-A77D-0436789BF852}.Debug|x86.ActiveCfg = Debug|x86
		{8B7609B9-8794-4629-A77D-0436789BF852}.Debug|x86.Build.0 = Debug|x86
		{8B7609B9-8794-4629-A77D-0436789BF852}.Release|Any CPU.ActiveCfg = Release|x86
		{8B7609B9-8794-4629-A77D-0436789BF852}.Release|ARM.ActiveCfg = Release|x86
		{8B7609B9-8794-4629-A77D-0436789BF852}.Release|ARM64.ActiveCfg = Release|x86
		{8B7609B9-8794-4629-A77D-0436789BF852}.Release|x64.ActiveCfg = Release|x64
		{8B7609B9-8794-4629-A77D-0436789BF852}.Release|x64.Build.0 = Release|x64
		{8B7609B9-8794-4629-A77D-0436789BF852}.Release|x86.ActiveCfg = Release|x86
		{8B7609B9-8794-4629-A77D-0436789BF852}.Release|x86.Build.0 = Release|x86
		{1136A2CE-5313-4176-B42D-B41091F0D52E}.Debug|Any CPU.ActiveCfg = Debug|Any CPU
		{1136A2CE-5313-4176-B42D-B41091F0D52E}.Debug|Any CPU.Build.0 = Debug|Any CPU
		{1136A2CE-5313-4176-B42D-B41091F0D52E}.Debug|ARM.ActiveCfg = Debug|Any CPU
		{1136A2CE-5313-4176-B42D-B41091F0D52E}.Debug|ARM.Build.0 = Debug|Any CPU
		{1136A2CE-5313-4176-B42D-B41091F0D52E}.Debug|ARM64.ActiveCfg = Debug|Any CPU
		{1136A2CE-5313-4176-B42D-B41091F0D52E}.Debug|ARM64.Build.0 = Debug|Any CPU
		{1136A2CE-5313-4176-B42D-B41091F0D52E}.Debug|x64.ActiveCfg = Debug|x64
		{1136A2CE-5313-4176-B42D-B41091F0D52E}.Debug|x64.Build.0 = Debug|x64
		{1136A2CE-5313-4176-B42D-B41091F0D52E}.Debug|x86.ActiveCfg = Debug|x86
		{1136A2CE-5313-4176-B42D-B41091F0D52E}.Debug|x86.Build.0 = Debug|x86
		{1136A2CE-5313-4176-B42D-B41091F0D52E}.Release|Any CPU.ActiveCfg = Release|Any CPU
		{1136A2CE-5313-4176-B42D-B41091F0D52E}.Release|Any CPU.Build.0 = Release|Any CPU
		{1136A2CE-5313-4176-B42D-B41091F0D52E}.Release|ARM.ActiveCfg = Release|Any CPU
		{1136A2CE-5313-4176-B42D-B41091F0D52E}.Release|ARM.Build.0 = Release|Any CPU
		{1136A2CE-5313-4176-B42D-B41091F0D52E}.Release|ARM64.ActiveCfg = Release|Any CPU
		{1136A2CE-5313-4176-B42D-B41091F0D52E}.Release|ARM64.Build.0 = Release|Any CPU
		{1136A2CE-5313-4176-B42D-B41091F0D52E}.Release|x64.ActiveCfg = Release|x64
		{1136A2CE-5313-4176-B42D-B41091F0D52E}.Release|x64.Build.0 = Release|x64
		{1136A2CE-5313-4176-B42D-B41091F0D52E}.Release|x86.ActiveCfg = Release|x86
		{1136A2CE-5313-4176-B42D-B41091F0D52E}.Release|x86.Build.0 = Release|x86
		{43EF2116-0EB3-4084-ACF7-F2610F37F706}.Debug|Any CPU.ActiveCfg = Debug|Any CPU
		{43EF2116-0EB3-4084-ACF7-F2610F37F706}.Debug|Any CPU.Build.0 = Debug|Any CPU
		{43EF2116-0EB3-4084-ACF7-F2610F37F706}.Debug|ARM.ActiveCfg = Debug|Any CPU
		{43EF2116-0EB3-4084-ACF7-F2610F37F706}.Debug|ARM.Build.0 = Debug|Any CPU
		{43EF2116-0EB3-4084-ACF7-F2610F37F706}.Debug|ARM64.ActiveCfg = Debug|Any CPU
		{43EF2116-0EB3-4084-ACF7-F2610F37F706}.Debug|ARM64.Build.0 = Debug|Any CPU
		{43EF2116-0EB3-4084-ACF7-F2610F37F706}.Debug|x64.ActiveCfg = Debug|Any CPU
		{43EF2116-0EB3-4084-ACF7-F2610F37F706}.Debug|x64.Build.0 = Debug|Any CPU
		{43EF2116-0EB3-4084-ACF7-F2610F37F706}.Debug|x86.ActiveCfg = Debug|Any CPU
		{43EF2116-0EB3-4084-ACF7-F2610F37F706}.Debug|x86.Build.0 = Debug|Any CPU
		{43EF2116-0EB3-4084-ACF7-F2610F37F706}.Release|Any CPU.ActiveCfg = Release|Any CPU
		{43EF2116-0EB3-4084-ACF7-F2610F37F706}.Release|Any CPU.Build.0 = Release|Any CPU
		{43EF2116-0EB3-4084-ACF7-F2610F37F706}.Release|ARM.ActiveCfg = Release|Any CPU
		{43EF2116-0EB3-4084-ACF7-F2610F37F706}.Release|ARM.Build.0 = Release|Any CPU
		{43EF2116-0EB3-4084-ACF7-F2610F37F706}.Release|ARM64.ActiveCfg = Release|Any CPU
		{43EF2116-0EB3-4084-ACF7-F2610F37F706}.Release|ARM64.Build.0 = Release|Any CPU
		{43EF2116-0EB3-4084-ACF7-F2610F37F706}.Release|x64.ActiveCfg = Release|Any CPU
		{43EF2116-0EB3-4084-ACF7-F2610F37F706}.Release|x64.Build.0 = Release|Any CPU
		{43EF2116-0EB3-4084-ACF7-F2610F37F706}.Release|x86.ActiveCfg = Release|Any CPU
		{43EF2116-0EB3-4084-ACF7-F2610F37F706}.Release|x86.Build.0 = Release|Any CPU
	EndGlobalSection
	GlobalSection(SolutionProperties) = preSolution
		HideSolutionNode = FALSE
	EndGlobalSection
	GlobalSection(ExtensibilityGlobals) = postSolution
		SolutionGuid = {EA83EC9D-B1D3-4BBA-95B5-C44ED32C3917}
	EndGlobalSection
EndGlobal
