
Microsoft Visual Studio Solution File, Format Version 12.00
# Visual Studio Version 16
VisualStudioVersion = 16.0.30804.86
MinimumVisualStudioVersion = 10.0.40219.1
Project("{9A19103F-16F7-4668-BE54-9A1E7A4F7556}") = "EU4-PCP_WPF", "EU4-PCP_WPF\EU4-PCP_WPF.csproj", "{C282B083-D40E-4AA2-94B8-EAA170117852}"
EndProject
Project("{9A19103F-16F7-4668-BE54-9A1E7A4F7556}") = "EU4-PCP_WPF.Tests.MSTest", "EU4-PCP_WPF.Tests.MSTest\EU4-PCP_WPF.Tests.MSTest.csproj", "{4E79DF21-7C43-42CB-8CAC-D93CA640E74C}"
EndProject
Global
	GlobalSection(SolutionConfigurationPlatforms) = preSolution
		Debug|Any CPU = Debug|Any CPU
		Debug|x64 = Debug|x64
		Debug|x86 = Debug|x86
		Release|Any CPU = Release|Any CPU
		Release|x64 = Release|x64
		Release|x86 = Release|x86
	EndGlobalSection
	GlobalSection(ProjectConfigurationPlatforms) = postSolution
		{C282B083-D40E-4AA2-94B8-EAA170117852}.Debug|Any CPU.ActiveCfg = Debug|Any CPU
		{C282B083-D40E-4AA2-94B8-EAA170117852}.Debug|Any CPU.Build.0 = Debug|Any CPU
		{C282B083-D40E-4AA2-94B8-EAA170117852}.Debug|x64.ActiveCfg = Debug|Any CPU
		{C282B083-D40E-4AA2-94B8-EAA170117852}.Debug|x64.Build.0 = Debug|Any CPU
		{C282B083-D40E-4AA2-94B8-EAA170117852}.Debug|x86.ActiveCfg = Debug|Any CPU
		{C282B083-D40E-4AA2-94B8-EAA170117852}.Debug|x86.Build.0 = Debug|Any CPU
		{C282B083-D40E-4AA2-94B8-EAA170117852}.Release|Any CPU.ActiveCfg = Release|Any CPU
		{C282B083-D40E-4AA2-94B8-EAA170117852}.Release|Any CPU.Build.0 = Release|Any CPU
		{C282B083-D40E-4AA2-94B8-EAA170117852}.Release|x64.ActiveCfg = Release|Any CPU
		{C282B083-D40E-4AA2-94B8-EAA170117852}.Release|x64.Build.0 = Release|Any CPU
		{C282B083-D40E-4AA2-94B8-EAA170117852}.Release|x86.ActiveCfg = Release|Any CPU
		{C282B083-D40E-4AA2-94B8-EAA170117852}.Release|x86.Build.0 = Release|Any CPU
		{4E79DF21-7C43-42CB-8CAC-D93CA640E74C}.Debug|Any CPU.ActiveCfg = Debug|Any CPU
		{4E79DF21-7C43-42CB-8CAC-D93CA640E74C}.Debug|Any CPU.Build.0 = Debug|Any CPU
		{4E79DF21-7C43-42CB-8CAC-D93CA640E74C}.Debug|x64.ActiveCfg = Debug|x64
		{4E79DF21-7C43-42CB-8CAC-D93CA640E74C}.Debug|x64.Build.0 = Debug|x64
		{4E79DF21-7C43-42CB-8CAC-D93CA640E74C}.Debug|x86.ActiveCfg = Debug|x86
		{4E79DF21-7C43-42CB-8CAC-D93CA640E74C}.Debug|x86.Build.0 = Debug|x86
		{4E79DF21-7C43-42CB-8CAC-D93CA640E74C}.Release|Any CPU.ActiveCfg = Release|Any CPU
		{4E79DF21-7C43-42CB-8CAC-D93CA640E74C}.Release|Any CPU.Build.0 = Release|Any CPU
		{4E79DF21-7C43-42CB-8CAC-D93CA640E74C}.Release|x64.ActiveCfg = Release|x64
		{4E79DF21-7C43-42CB-8CAC-D93CA640E74C}.Release|x64.Build.0 = Release|x64
		{4E79DF21-7C43-42CB-8CAC-D93CA640E74C}.Release|x86.ActiveCfg = Release|x86
		{4E79DF21-7C43-42CB-8CAC-D93CA640E74C}.Release|x86.Build.0 = Release|x86
	EndGlobalSection
	GlobalSection(SolutionProperties) = preSolution
		HideSolutionNode = FALSE
	EndGlobalSection
	GlobalSection(ExtensibilityGlobals) = postSolution
		SolutionGuid = {EA83EC9D-B1D3-4BBA-95B5-C44ED32C3917}
	EndGlobalSection
EndGlobal
